
Microsoft Visual Studio Solution File, Format Version 12.00
# Visual Studio Version 17
VisualStudioVersion = 17.1.32407.343
MinimumVisualStudioVersion = 10.0.40219.1
Project("{9A19103F-16F7-4668-BE54-9A1E7A4F7556}") = "MirrorLink.Api", "MirrorLink.Service\MirrorLink.Api.csproj", "{02B31AD0-C920-4130-8D8E-C060F93D9A08}"
EndProject
Project("{9A19103F-16F7-4668-BE54-9A1E7A4F7556}") = "MirrorLink.Domain", "MirrorLink.Business\MirrorLink.Domain.csproj", "{56755845-C4EB-4A4E-8386-EC7122582A27}"
EndProject
Project("{9A19103F-16F7-4668-BE54-9A1E7A4F7556}") = "MirrorLink.Application", "MirrorLink.Application\MirrorLink.Application.csproj", "{A25168F8-1F49-401F-B420-8746706A57F0}"
EndProject
Project("{2150E333-8FDC-42A3-9474-1A3956D46DE8}") = "src", "src", "{EDE3BFBB-33AC-4BC7-B772-04AEAC4EBAA7}"
EndProject
Project("{2150E333-8FDC-42A3-9474-1A3956D46DE8}") = "API", "API", "{E1E430B8-4A7E-4425-8B17-84146320FF97}"
EndProject
Project("{2150E333-8FDC-42A3-9474-1A3956D46DE8}") = "Core", "Core", "{E42A531C-6F2A-4BD3-9220-D651FA71FD27}"
EndProject
Project("{2150E333-8FDC-42A3-9474-1A3956D46DE8}") = "Infrastructure", "Infrastructure", "{84B9AE4B-D87F-4E21-9031-ED1E8B8706A8}"
EndProject
Project("{2150E333-8FDC-42A3-9474-1A3956D46DE8}") = "UI", "UI", "{883AB2E1-88A6-4C3E-AB17-04D03B882CE2}"
EndProject
Project("{2150E333-8FDC-42A3-9474-1A3956D46DE8}") = "test", "test", "{FD2464CA-D45A-4A9A-9BB8-6548EF41E13B}"
EndProject
Project("{9A19103F-16F7-4668-BE54-9A1E7A4F7556}") = "MirrorLink.UnitTests", "..\MirrorLink.UnitTests\MirrorLink.UnitTests.csproj", "{B18A3479-DB2B-4B83-8D63-248083A5753F}"
EndProject
Project("{9A19103F-16F7-4668-BE54-9A1E7A4F7556}") = "MirrorLink.Infrastructure", "..\MirrorLink.Infrastructure\MirrorLink.Infrastructure.csproj", "{5A011FE8-C96C-470D-A1F6-041657CD78CD}"
EndProject
Project("{9A19103F-16F7-4668-BE54-9A1E7A4F7556}") = "MirrorLink.Persistence", "..\MirrorLink.Persistance\MirrorLink.Persistence.csproj", "{5D6A79ED-8FFE-427E-8257-58AD82B9CE25}"
EndProject
Project("{2150E333-8FDC-42A3-9474-1A3956D46DE8}") = "src", "src", "{60159A94-0C25-42AD-BB94-7AAFFC6DC303}"
EndProject
Project("{FAE04EC0-301F-11D3-BF4B-00C04F79EFBC}") = "MirrorLink.NLog", "MirrorLink.NLog\MirrorLink.NLog.csproj", "{E8FEA418-81D5-4E3B-A3BF-1E39B3E91F4A}"
EndProject
Global
	GlobalSection(SolutionConfigurationPlatforms) = preSolution
		Debug|Any CPU = Debug|Any CPU
		Release|Any CPU = Release|Any CPU
	EndGlobalSection
	GlobalSection(ProjectConfigurationPlatforms) = postSolution
		{02B31AD0-C920-4130-8D8E-C060F93D9A08}.Debug|Any CPU.ActiveCfg = Debug|Any CPU
		{02B31AD0-C920-4130-8D8E-C060F93D9A08}.Debug|Any CPU.Build.0 = Debug|Any CPU
		{02B31AD0-C920-4130-8D8E-C060F93D9A08}.Release|Any CPU.ActiveCfg = Release|Any CPU
		{02B31AD0-C920-4130-8D8E-C060F93D9A08}.Release|Any CPU.Build.0 = Release|Any CPU
		{56755845-C4EB-4A4E-8386-EC7122582A27}.Debug|Any CPU.ActiveCfg = Debug|Any CPU
		{56755845-C4EB-4A4E-8386-EC7122582A27}.Debug|Any CPU.Build.0 = Debug|Any CPU
		{56755845-C4EB-4A4E-8386-EC7122582A27}.Release|Any CPU.ActiveCfg = Release|Any CPU
		{56755845-C4EB-4A4E-8386-EC7122582A27}.Release|Any CPU.Build.0 = Release|Any CPU
		{A25168F8-1F49-401F-B420-8746706A57F0}.Debug|Any CPU.ActiveCfg = Debug|Any CPU
		{A25168F8-1F49-401F-B420-8746706A57F0}.Debug|Any CPU.Build.0 = Debug|Any CPU
		{A25168F8-1F49-401F-B420-8746706A57F0}.Release|Any CPU.ActiveCfg = Release|Any CPU
		{A25168F8-1F49-401F-B420-8746706A57F0}.Release|Any CPU.Build.0 = Release|Any CPU
		{B18A3479-DB2B-4B83-8D63-248083A5753F}.Debug|Any CPU.ActiveCfg = Debug|Any CPU
		{B18A3479-DB2B-4B83-8D63-248083A5753F}.Debug|Any CPU.Build.0 = Debug|Any CPU
		{B18A3479-DB2B-4B83-8D63-248083A5753F}.Release|Any CPU.ActiveCfg = Release|Any CPU
		{B18A3479-DB2B-4B83-8D63-248083A5753F}.Release|Any CPU.Build.0 = Release|Any CPU
		{5A011FE8-C96C-470D-A1F6-041657CD78CD}.Debug|Any CPU.ActiveCfg = Debug|Any CPU
		{5A011FE8-C96C-470D-A1F6-041657CD78CD}.Debug|Any CPU.Build.0 = Debug|Any CPU
		{5A011FE8-C96C-470D-A1F6-041657CD78CD}.Release|Any CPU.ActiveCfg = Release|Any CPU
		{5A011FE8-C96C-470D-A1F6-041657CD78CD}.Release|Any CPU.Build.0 = Release|Any CPU
		{5D6A79ED-8FFE-427E-8257-58AD82B9CE25}.Debug|Any CPU.ActiveCfg = Debug|Any CPU
		{5D6A79ED-8FFE-427E-8257-58AD82B9CE25}.Debug|Any CPU.Build.0 = Debug|Any CPU
		{5D6A79ED-8FFE-427E-8257-58AD82B9CE25}.Release|Any CPU.ActiveCfg = Release|Any CPU
		{5D6A79ED-8FFE-427E-8257-58AD82B9CE25}.Release|Any CPU.Build.0 = Release|Any CPU
		{E8FEA418-81D5-4E3B-A3BF-1E39B3E91F4A}.Debug|Any CPU.ActiveCfg = Debug|Any CPU
		{E8FEA418-81D5-4E3B-A3BF-1E39B3E91F4A}.Debug|Any CPU.Build.0 = Debug|Any CPU
		{E8FEA418-81D5-4E3B-A3BF-1E39B3E91F4A}.Release|Any CPU.ActiveCfg = Release|Any CPU
		{E8FEA418-81D5-4E3B-A3BF-1E39B3E91F4A}.Release|Any CPU.Build.0 = Release|Any CPU
	EndGlobalSection
	GlobalSection(SolutionProperties) = preSolution
		HideSolutionNode = FALSE
	EndGlobalSection
	GlobalSection(NestedProjects) = preSolution
		{02B31AD0-C920-4130-8D8E-C060F93D9A08} = {E1E430B8-4A7E-4425-8B17-84146320FF97}
		{56755845-C4EB-4A4E-8386-EC7122582A27} = {E42A531C-6F2A-4BD3-9220-D651FA71FD27}
		{A25168F8-1F49-401F-B420-8746706A57F0} = {E42A531C-6F2A-4BD3-9220-D651FA71FD27}
		{E1E430B8-4A7E-4425-8B17-84146320FF97} = {EDE3BFBB-33AC-4BC7-B772-04AEAC4EBAA7}
		{E42A531C-6F2A-4BD3-9220-D651FA71FD27} = {EDE3BFBB-33AC-4BC7-B772-04AEAC4EBAA7}
		{84B9AE4B-D87F-4E21-9031-ED1E8B8706A8} = {EDE3BFBB-33AC-4BC7-B772-04AEAC4EBAA7}
		{883AB2E1-88A6-4C3E-AB17-04D03B882CE2} = {EDE3BFBB-33AC-4BC7-B772-04AEAC4EBAA7}
		{B18A3479-DB2B-4B83-8D63-248083A5753F} = {FD2464CA-D45A-4A9A-9BB8-6548EF41E13B}
		{5A011FE8-C96C-470D-A1F6-041657CD78CD} = {84B9AE4B-D87F-4E21-9031-ED1E8B8706A8}
		{5D6A79ED-8FFE-427E-8257-58AD82B9CE25} = {84B9AE4B-D87F-4E21-9031-ED1E8B8706A8}
		{60159A94-0C25-42AD-BB94-7AAFFC6DC303} = {883AB2E1-88A6-4C3E-AB17-04D03B882CE2}
		{E8FEA418-81D5-4E3B-A3BF-1E39B3E91F4A} = {84B9AE4B-D87F-4E21-9031-ED1E8B8706A8}
	EndGlobalSection
	GlobalSection(ExtensibilityGlobals) = postSolution
		SolutionGuid = {7653797E-3C5F-435E-87FC-2316C0B0379A}
	EndGlobalSection
EndGlobal
