
Microsoft Visual Studio Solution File, Format Version 12.00
# Visual Studio Version 17
VisualStudioVersion = 17.2.32505.173
MinimumVisualStudioVersion = 10.0.40219.1
Project("{2150E333-8FDC-42A3-9474-1A3956D46DE8}") = "src", "src", "{90EE0280-B8E2-4DF2-BDD9-FAF3150DFC72}"
EndProject
Project("{2150E333-8FDC-42A3-9474-1A3956D46DE8}") = "API", "API", "{F4BB07F4-0D77-45CB-982B-D03394A4FBD2}"
EndProject
Project("{2150E333-8FDC-42A3-9474-1A3956D46DE8}") = "Core", "Core", "{D22E7C7F-3866-47AF-B5AA-430C5F41254F}"
EndProject
Project("{2150E333-8FDC-42A3-9474-1A3956D46DE8}") = "Infrastructure", "Infrastructure", "{102103AD-150B-4FD0-A319-0FAF8149C544}"
EndProject
Project("{2150E333-8FDC-42A3-9474-1A3956D46DE8}") = "test", "test", "{C70117BC-C72F-4FCC-83ED-C62B222671CC}"
EndProject
Project("{2150E333-8FDC-42A3-9474-1A3956D46DE8}") = "UI", "UI", "{9B477376-2E2F-4FE5-8810-5F24EB73A6B2}"
EndProject
Project("{2150E333-8FDC-42A3-9474-1A3956D46DE8}") = "src", "src", "{CA09AA4D-280E-4902-A680-E57521B379CB}"
EndProject
Project("{FAE04EC0-301F-11D3-BF4B-00C04F79EFBC}") = "MirrorLink.Api", "Linkedin1\MirrorLink.Api\MirrorLink.Api.csproj", "{123D574C-075F-4760-8D96-2A06B53817DD}"
	ProjectSection(ProjectDependencies) = postProject
		{5BB8BB15-B9A2-4204-B2CC-D0AE95E28F5A} = {5BB8BB15-B9A2-4204-B2CC-D0AE95E28F5A}
		{E8737EF5-0BE8-4B03-B13C-7AE6FF534C38} = {E8737EF5-0BE8-4B03-B13C-7AE6FF534C38}
	EndProjectSection
EndProject
Project("{FAE04EC0-301F-11D3-BF4B-00C04F79EFBC}") = "MirrorLink.Application", "Linkedin1\MirrorLink.Application\MirrorLink.Application.csproj", "{9805524F-1A62-464F-9D6D-E74F075459EA}"
EndProject
Project("{FAE04EC0-301F-11D3-BF4B-00C04F79EFBC}") = "MirrorLink.Domain", "MirrorLink.Domain\MirrorLink.Domain.csproj", "{1C7A1A1E-9D11-4011-A401-585E30434CA4}"
EndProject
Project("{FAE04EC0-301F-11D3-BF4B-00C04F79EFBC}") = "MirrorLink.Infrastructure", "Linkedin1\MirrorLink.Infrastructure\MirrorLink.Infrastructure.csproj", "{E8737EF5-0BE8-4B03-B13C-7AE6FF534C38}"
EndProject
Project("{FAE04EC0-301F-11D3-BF4B-00C04F79EFBC}") = "MirrorLink.NLog", "Linkedin1\MirrorLink.NLog\MirrorLink.NLog.csproj", "{78B53051-44CA-43C2-B620-ECABDB8DDCAE}"
EndProject
Project("{FAE04EC0-301F-11D3-BF4B-00C04F79EFBC}") = "MirrorLink.Persistance", "Linkedin1\MirrorLink.Persistance\MirrorLink.Persistance.csproj", "{5BB8BB15-B9A2-4204-B2CC-D0AE95E28F5A}"
EndProject
Global
	GlobalSection(SolutionConfigurationPlatforms) = preSolution
		Debug|Any CPU = Debug|Any CPU
		Release|Any CPU = Release|Any CPU
	EndGlobalSection
	GlobalSection(ProjectConfigurationPlatforms) = postSolution
		{123D574C-075F-4760-8D96-2A06B53817DD}.Debug|Any CPU.ActiveCfg = Debug|Any CPU
		{123D574C-075F-4760-8D96-2A06B53817DD}.Debug|Any CPU.Build.0 = Debug|Any CPU
		{123D574C-075F-4760-8D96-2A06B53817DD}.Release|Any CPU.ActiveCfg = Release|Any CPU
		{123D574C-075F-4760-8D96-2A06B53817DD}.Release|Any CPU.Build.0 = Release|Any CPU
		{9805524F-1A62-464F-9D6D-E74F075459EA}.Debug|Any CPU.ActiveCfg = Debug|Any CPU
		{9805524F-1A62-464F-9D6D-E74F075459EA}.Debug|Any CPU.Build.0 = Debug|Any CPU
		{9805524F-1A62-464F-9D6D-E74F075459EA}.Release|Any CPU.ActiveCfg = Release|Any CPU
		{9805524F-1A62-464F-9D6D-E74F075459EA}.Release|Any CPU.Build.0 = Release|Any CPU
		{1C7A1A1E-9D11-4011-A401-585E30434CA4}.Debug|Any CPU.ActiveCfg = Debug|Any CPU
		{1C7A1A1E-9D11-4011-A401-585E30434CA4}.Debug|Any CPU.Build.0 = Debug|Any CPU
		{1C7A1A1E-9D11-4011-A401-585E30434CA4}.Release|Any CPU.ActiveCfg = Release|Any CPU
		{1C7A1A1E-9D11-4011-A401-585E30434CA4}.Release|Any CPU.Build.0 = Release|Any CPU
		{E8737EF5-0BE8-4B03-B13C-7AE6FF534C38}.Debug|Any CPU.ActiveCfg = Debug|Any CPU
		{E8737EF5-0BE8-4B03-B13C-7AE6FF534C38}.Debug|Any CPU.Build.0 = Debug|Any CPU
		{E8737EF5-0BE8-4B03-B13C-7AE6FF534C38}.Release|Any CPU.ActiveCfg = Release|Any CPU
		{E8737EF5-0BE8-4B03-B13C-7AE6FF534C38}.Release|Any CPU.Build.0 = Release|Any CPU
		{78B53051-44CA-43C2-B620-ECABDB8DDCAE}.Debug|Any CPU.ActiveCfg = Debug|Any CPU
		{78B53051-44CA-43C2-B620-ECABDB8DDCAE}.Debug|Any CPU.Build.0 = Debug|Any CPU
		{78B53051-44CA-43C2-B620-ECABDB8DDCAE}.Release|Any CPU.ActiveCfg = Release|Any CPU
		{78B53051-44CA-43C2-B620-ECABDB8DDCAE}.Release|Any CPU.Build.0 = Release|Any CPU
		{5BB8BB15-B9A2-4204-B2CC-D0AE95E28F5A}.Debug|Any CPU.ActiveCfg = Debug|Any CPU
		{5BB8BB15-B9A2-4204-B2CC-D0AE95E28F5A}.Debug|Any CPU.Build.0 = Debug|Any CPU
		{5BB8BB15-B9A2-4204-B2CC-D0AE95E28F5A}.Release|Any CPU.ActiveCfg = Release|Any CPU
		{5BB8BB15-B9A2-4204-B2CC-D0AE95E28F5A}.Release|Any CPU.Build.0 = Release|Any CPU
	EndGlobalSection
	GlobalSection(SolutionProperties) = preSolution
		HideSolutionNode = FALSE
	EndGlobalSection
	GlobalSection(NestedProjects) = preSolution
		{F4BB07F4-0D77-45CB-982B-D03394A4FBD2} = {90EE0280-B8E2-4DF2-BDD9-FAF3150DFC72}
		{D22E7C7F-3866-47AF-B5AA-430C5F41254F} = {90EE0280-B8E2-4DF2-BDD9-FAF3150DFC72}
		{102103AD-150B-4FD0-A319-0FAF8149C544} = {90EE0280-B8E2-4DF2-BDD9-FAF3150DFC72}
		{9B477376-2E2F-4FE5-8810-5F24EB73A6B2} = {90EE0280-B8E2-4DF2-BDD9-FAF3150DFC72}
		{CA09AA4D-280E-4902-A680-E57521B379CB} = {9B477376-2E2F-4FE5-8810-5F24EB73A6B2}
		{123D574C-075F-4760-8D96-2A06B53817DD} = {F4BB07F4-0D77-45CB-982B-D03394A4FBD2}
		{9805524F-1A62-464F-9D6D-E74F075459EA} = {D22E7C7F-3866-47AF-B5AA-430C5F41254F}
		{1C7A1A1E-9D11-4011-A401-585E30434CA4} = {D22E7C7F-3866-47AF-B5AA-430C5F41254F}
		{E8737EF5-0BE8-4B03-B13C-7AE6FF534C38} = {102103AD-150B-4FD0-A319-0FAF8149C544}
		{78B53051-44CA-43C2-B620-ECABDB8DDCAE} = {102103AD-150B-4FD0-A319-0FAF8149C544}
		{5BB8BB15-B9A2-4204-B2CC-D0AE95E28F5A} = {102103AD-150B-4FD0-A319-0FAF8149C544}
	EndGlobalSection
	GlobalSection(ExtensibilityGlobals) = postSolution
		SolutionGuid = {151DC53A-C605-4327-BD63-36DBFC5FC31B}
	EndGlobalSection
EndGlobal
