
Microsoft Visual Studio Solution File, Format Version 12.00
# Visual Studio Version 17
VisualStudioVersion = 17.2.32505.173
MinimumVisualStudioVersion = 10.0.40219.1
Project("{9A19103F-16F7-4668-BE54-9A1E7A4F7556}") = "MyHomeWork2.0", "MyHomeWork2.0\MyHomeWork2.0.csproj", "{85A5F807-49EA-435B-BDB9-0F788F74655E}"
EndProject
Project("{FAE04EC0-301F-11D3-BF4B-00C04F79EFBC}") = "GuessNumber - ParallelForEach", "GuessNumber - ParallelForEach\GuessNumber - ParallelForEach.csproj", "{903AFCD6-AEB5-4F15-BB3A-51C71328D29E}"
EndProject
Project("{FAE04EC0-301F-11D3-BF4B-00C04F79EFBC}") = "GuessNumber_ Task", "GuessNumber_ Task\GuessNumber_ Task.csproj", "{E59416A6-8642-4DDE-8973-7A2B28348AD2}"
EndProject
Project("{FAE04EC0-301F-11D3-BF4B-00C04F79EFBC}") = "RaceCars_1_win", "RaceCars_1_win\RaceCars_1_win.csproj", "{69F8799B-EC74-4A06-BEA0-BC862C170345}"
EndProject
Project("{FAE04EC0-301F-11D3-BF4B-00C04F79EFBC}") = "RaceCars_countN_win", "RaceCars_countN_win\RaceCars_countN_win.csproj", "{C79C128B-169E-4AE9-9D9F-9C2C74E36037}"
EndProject
Global
	GlobalSection(SolutionConfigurationPlatforms) = preSolution
		Debug|Any CPU = Debug|Any CPU
		Release|Any CPU = Release|Any CPU
	EndGlobalSection
	GlobalSection(ProjectConfigurationPlatforms) = postSolution
		{85A5F807-49EA-435B-BDB9-0F788F74655E}.Debug|Any CPU.ActiveCfg = Debug|Any CPU
		{85A5F807-49EA-435B-BDB9-0F788F74655E}.Debug|Any CPU.Build.0 = Debug|Any CPU
		{85A5F807-49EA-435B-BDB9-0F788F74655E}.Release|Any CPU.ActiveCfg = Release|Any CPU
		{85A5F807-49EA-435B-BDB9-0F788F74655E}.Release|Any CPU.Build.0 = Release|Any CPU
		{903AFCD6-AEB5-4F15-BB3A-51C71328D29E}.Debug|Any CPU.ActiveCfg = Debug|Any CPU
		{903AFCD6-AEB5-4F15-BB3A-51C71328D29E}.Debug|Any CPU.Build.0 = Debug|Any CPU
		{903AFCD6-AEB5-4F15-BB3A-51C71328D29E}.Release|Any CPU.ActiveCfg = Release|Any CPU
		{903AFCD6-AEB5-4F15-BB3A-51C71328D29E}.Release|Any CPU.Build.0 = Release|Any CPU
		{E59416A6-8642-4DDE-8973-7A2B28348AD2}.Debug|Any CPU.ActiveCfg = Debug|Any CPU
		{E59416A6-8642-4DDE-8973-7A2B28348AD2}.Debug|Any CPU.Build.0 = Debug|Any CPU
		{E59416A6-8642-4DDE-8973-7A2B28348AD2}.Release|Any CPU.ActiveCfg = Release|Any CPU
		{E59416A6-8642-4DDE-8973-7A2B28348AD2}.Release|Any CPU.Build.0 = Release|Any CPU
		{69F8799B-EC74-4A06-BEA0-BC862C170345}.Debug|Any CPU.ActiveCfg = Debug|Any CPU
		{69F8799B-EC74-4A06-BEA0-BC862C170345}.Debug|Any CPU.Build.0 = Debug|Any CPU
		{69F8799B-EC74-4A06-BEA0-BC862C170345}.Release|Any CPU.ActiveCfg = Release|Any CPU
		{69F8799B-EC74-4A06-BEA0-BC862C170345}.Release|Any CPU.Build.0 = Release|Any CPU
		{C79C128B-169E-4AE9-9D9F-9C2C74E36037}.Debug|Any CPU.ActiveCfg = Debug|Any CPU
		{C79C128B-169E-4AE9-9D9F-9C2C74E36037}.Debug|Any CPU.Build.0 = Debug|Any CPU
		{C79C128B-169E-4AE9-9D9F-9C2C74E36037}.Release|Any CPU.ActiveCfg = Release|Any CPU
		{C79C128B-169E-4AE9-9D9F-9C2C74E36037}.Release|Any CPU.Build.0 = Release|Any CPU
	EndGlobalSection
	GlobalSection(SolutionProperties) = preSolution
		HideSolutionNode = FALSE
	EndGlobalSection
	GlobalSection(ExtensibilityGlobals) = postSolution
		SolutionGuid = {151DC53A-C605-4327-BD63-36DBFC5FC31B}
	EndGlobalSection
EndGlobal
